
Microsoft Visual Studio Solution File, Format Version 12.00
# Visual Studio Version 16
VisualStudioVersion = 16.0.31605.320
MinimumVisualStudioVersion = 10.0.40219.1
Project("{FAE04EC0-301F-11D3-BF4B-00C04F79EFBC}") = "SchoolAdmin", "SchoolAdmin\SchoolAdmin.csproj", "{F06BE38D-1C84-4198-B131-787821E09C54}"
EndProject
Global
	GlobalSection(SolutionConfigurationPlatforms) = preSolution
		Debug|Any CPU = Debug|Any CPU
		Release|Any CPU = Release|Any CPU
	EndGlobalSection
	GlobalSection(ProjectConfigurationPlatforms) = postSolution
		{F06BE38D-1C84-4198-B131-787821E09C54}.Debug|Any CPU.ActiveCfg = Release|Any CPU
		{F06BE38D-1C84-4198-B131-787821E09C54}.Debug|Any CPU.Build.0 = Release|Any CPU
		{F06BE38D-1C84-4198-B131-787821E09C54}.Debug|Any CPU.Deploy.0 = Release|Any CPU
		{F06BE38D-1C84-4198-B131-787821E09C54}.Release|Any CPU.ActiveCfg = Release|Any CPU
		{F06BE38D-1C84-4198-B131-787821E09C54}.Release|Any CPU.Build.0 = Release|Any CPU
		{F06BE38D-1C84-4198-B131-787821E09C54}.Release|Any CPU.Deploy.0 = Release|Any CPU
	EndGlobalSection
	GlobalSection(SolutionProperties) = preSolution
		HideSolutionNode = FALSE
	EndGlobalSection
	GlobalSection(ExtensibilityGlobals) = postSolution
		SolutionGuid = {A6861D93-CB7C-4957-9EAB-B9DAFECF9D89}
	EndGlobalSection
EndGlobal
